{
  "name": "gmeet",
  "lockfileVersion": 3,
  "requires": true,
  "packages": {
    "": {
      "dependencies": {
        "@dicebear/avatars": "^4.10.8",
        "@dicebear/collection": "^9.2.2",
        "react-icons": "^5.5.0"
      }
    },
    "node_modules/@dicebear/adventurer": {
      "version": "9.2.2",
      "resolved": "https://registry.npmjs.org/@dicebear/adventurer/-/adventurer-9.2.2.tgz",
      "integrity": "sha512-WjBXCP9EXbUul2zC3BS2/R3/4diw1uh/lU4jTEnujK1mhqwIwanFboIMzQsasNNL/xf+m3OHN7MUNJfHZ1fLZA==",
      "engines": {
        "node": ">=18.0.0"
      },
      "peerDependencies": {
        "@dicebear/core": "^9.0.0"
      }
    },
    "node_modules/@dicebear/adventurer-neutral": {
      "version": "9.2.2",
      "resolved": "https://registry.npmjs.org/@dicebear/adventurer-neutral/-/adventurer-neutral-9.2.2.tgz",
      "integrity": "sha512-XVAjhUWjav6luTZ7txz8zVJU/H0DiUy4uU1Z7IO5MDO6kWvum+If1+0OUgEWYZwM+RDI7rt2CgVP910DyZGd1w==",
      "engines": {
        "node": ">=18.0.0"
      },
      "peerDependencies": {
        "@dicebear/core": "^9.0.0"
      }
    },
    "node_modules/@dicebear/avataaars": {
      "version": "9.2.2",
      "resolved": "https://registry.npmjs.org/@dicebear/avataaars/-/avataaars-9.2.2.tgz",
      "integrity": "sha512-WqJPQEt0OhBybTpI0TqU1uD1pSk9M2+VPIwvBye/dXo46b+0jHGpftmxjQwk6tX8z0+mRko8pwV5n+cWht1/+w==",
      "engines": {
        "node": ">=18.0.0"
      },
      "peerDependencies": {
        "@dicebear/core": "^9.0.0"
      }
    },
    "node_modules/@dicebear/avataaars-neutral": {
      "version": "9.2.2",
      "resolved": "https://registry.npmjs.org/@dicebear/avataaars-neutral/-/avataaars-neutral-9.2.2.tgz",
      "integrity": "sha512-pRj16P27dFDBI3LtdiHUDwIXIGndHAbZf5AxaMkn6/+0X93mVQ/btVJDXyW0G96WCsyC88wKAWr6/KJotPxU6Q==",
      "engines": {
        "node": ">=18.0.0"
      },
      "peerDependencies": {
        "@dicebear/core": "^9.0.0"
      }
    },
    "node_modules/@dicebear/avatars": {
      "version": "4.10.8",
      "resolved": "https://registry.npmjs.org/@dicebear/avatars/-/avatars-4.10.8.tgz",
      "integrity": "sha512-jni3+W1yRRh4sJYmuQUZ8JpKI9aEEud53TUcxNFtntdRyOUJygIFdC5JPKNac58eALnBTZZ4ox7b+oeo0Ux/oA==",
      "deprecated": "This package is deprecated. Use '@dicebear/core' instead. Read more: https://dicebear.com/how-to-use/js-library",
      "dependencies": {
        "@types/json-schema": "^7.0.7",
        "pure-color": "^1.3.0",
        "svgson": "^5.2.1"
      }
    },
    "node_modules/@dicebear/big-ears": {
      "version": "9.2.2",
      "resolved": "https://registry.npmjs.org/@dicebear/big-ears/-/big-ears-9.2.2.tgz",
      "integrity": "sha512-hz4UXdPq4qqZpu0YVvlqM4RDFhk5i0WgPcuwj/MOLlgTjuj63uHUhCQSk6ZiW1DQOs12qpwUBMGWVHxBRBas9g==",
      "engines": {
        "node": ">=18.0.0"
      },
      "peerDependencies": {
        "@dicebear/core": "^9.0.0"
      }
    },
    "node_modules/@dicebear/big-ears-neutral": {
      "version": "9.2.2",
      "resolved": "https://registry.npmjs.org/@dicebear/big-ears-neutral/-/big-ears-neutral-9.2.2.tgz",
      "integrity": "sha512-IPHt8fi3dv9cyfBJBZ4s8T+PhFCrQvOCf91iRHBT3iOLNPdyZpI5GNLmGiV0XMAvIDP5NvA5+f6wdoBLhYhbDA==",
      "engines": {
        "node": ">=18.0.0"
      },
      "peerDependencies": {
        "@dicebear/core": "^9.0.0"
      }
    },
    "node_modules/@dicebear/big-smile": {
      "version": "9.2.2",
      "resolved": "https://registry.npmjs.org/@dicebear/big-smile/-/big-smile-9.2.2.tgz",
      "integrity": "sha512-D4td0GL8or1nTNnXvZqkEXlzyqzGPWs3znOnm1HIohtFTeIwXm72Ob2lNDsaQJSJvXmVlwaQQ0CCTvyCl8Stjw==",
      "engines": {
        "node": ">=18.0.0"
      },
      "peerDependencies": {
        "@dicebear/core": "^9.0.0"
      }
    },
    "node_modules/@dicebear/bottts": {
      "version": "9.2.2",
      "resolved": "https://registry.npmjs.org/@dicebear/bottts/-/bottts-9.2.2.tgz",
      "integrity": "sha512-wugFkzw8JNWV1nftq/Wp/vmQsLAXDxrMtRK3AoMODuUpSVoP3EHRUfKS043xggOsQFvoj0HZ7kadmhn0AMLf5A==",
      "engines": {
        "node": ">=18.0.0"
      },
      "peerDependencies": {
        "@dicebear/core": "^9.0.0"
      }
    },
    "node_modules/@dicebear/bottts-neutral": {
      "version": "9.2.2",
      "resolved": "https://registry.npmjs.org/@dicebear/bottts-neutral/-/bottts-neutral-9.2.2.tgz",
      "integrity": "sha512-lSgpqmSJtlnyxVuUgNdBwyzuA0O9xa5zRJtz7x2KyWbicXir5iYdX0MVMCkp1EDvlcxm9rGJsclktugOyakTlw==",
      "engines": {
        "node": ">=18.0.0"
      },
      "peerDependencies": {
        "@dicebear/core": "^9.0.0"
      }
    },
    "node_modules/@dicebear/collection": {
      "version": "9.2.2",
      "resolved": "https://registry.npmjs.org/@dicebear/collection/-/collection-9.2.2.tgz",
      "integrity": "sha512-vZAmXhPWCK3sf8Fj9/QflFC6XOLroJOT5K1HdnzHaPboEvffUQideGCrrEamnJtlH0iF0ZDXh8gqmwy2fu+yHA==",
      "dependencies": {
        "@dicebear/adventurer": "9.2.2",
        "@dicebear/adventurer-neutral": "9.2.2",
        "@dicebear/avataaars": "9.2.2",
        "@dicebear/avataaars-neutral": "9.2.2",
        "@dicebear/big-ears": "9.2.2",
        "@dicebear/big-ears-neutral": "9.2.2",
        "@dicebear/big-smile": "9.2.2",
        "@dicebear/bottts": "9.2.2",
        "@dicebear/bottts-neutral": "9.2.2",
        "@dicebear/croodles": "9.2.2",
        "@dicebear/croodles-neutral": "9.2.2",
        "@dicebear/dylan": "9.2.2",
        "@dicebear/fun-emoji": "9.2.2",
        "@dicebear/glass": "9.2.2",
        "@dicebear/icons": "9.2.2",
        "@dicebear/identicon": "9.2.2",
        "@dicebear/initials": "9.2.2",
        "@dicebear/lorelei": "9.2.2",
        "@dicebear/lorelei-neutral": "9.2.2",
        "@dicebear/micah": "9.2.2",
        "@dicebear/miniavs": "9.2.2",
        "@dicebear/notionists": "9.2.2",
        "@dicebear/notionists-neutral": "9.2.2",
        "@dicebear/open-peeps": "9.2.2",
        "@dicebear/personas": "9.2.2",
        "@dicebear/pixel-art": "9.2.2",
        "@dicebear/pixel-art-neutral": "9.2.2",
        "@dicebear/rings": "9.2.2",
        "@dicebear/shapes": "9.2.2",
        "@dicebear/thumbs": "9.2.2"
      },
      "engines": {
        "node": ">=18.0.0"
      },
      "peerDependencies": {
        "@dicebear/core": "^9.0.0"
      }
    },
    "node_modules/@dicebear/core": {
      "version": "9.2.2",
      "resolved": "https://registry.npmjs.org/@dicebear/core/-/core-9.2.2.tgz",
      "integrity": "sha512-ROhgHG249dPtcXgBHcqPEsDeAPRPRD/9d+tZCjLYyueO+cXDlIA8dUlxpwIVcOuZFvCyW6RJtqo8BhNAi16pIQ==",
      "peer": true,
      "dependencies": {
        "@types/json-schema": "^7.0.11"
      },
      "engines": {
        "node": ">=18.0.0"
      }
    },
    "node_modules/@dicebear/croodles": {
      "version": "9.2.2",
      "resolved": "https://registry.npmjs.org/@dicebear/croodles/-/croodles-9.2.2.tgz",
      "integrity": "sha512-OzvAXQWsOgMwL3Sl+lBxCubqSOWoBJpC78c4TKnNTS21rR63TtXUyVdLLzgKVN4YHRnvMgtPf8F/W9YAgIDK4w==",
      "engines": {
        "node": ">=18.0.0"
      },
      "peerDependencies": {
        "@dicebear/core": "^9.0.0"
      }
    },
    "node_modules/@dicebear/croodles-neutral": {
      "version": "9.2.2",
      "resolved": "https://registry.npmjs.org/@dicebear/croodles-neutral/-/croodles-neutral-9.2.2.tgz",
      "integrity": "sha512-/4mNirxoQ+z1kHXnpDRbJ1JV1ZgXogeTeNp0MaFYxocCgHfJ7ckNM23EE1I7akoo9pqPxrKlaeNzGAjKHdS9vA==",
      "engines": {
        "node": ">=18.0.0"
      },
      "peerDependencies": {
        "@dicebear/core": "^9.0.0"
      }
    },
    "node_modules/@dicebear/dylan": {
      "version": "9.2.2",
      "resolved": "https://registry.npmjs.org/@dicebear/dylan/-/dylan-9.2.2.tgz",
      "integrity": "sha512-s7e3XliC1YXP+Wykj+j5kwdOWFRXFzYHYk/PB4oZ1F3sJandXiG0HS4chaNu4EoP0yZgKyFMUVTGZx+o6tMaYg==",
      "engines": {
        "node": ">=18.0.0"
      },
      "peerDependencies": {
        "@dicebear/core": "^9.0.0"
      }
    },
    "node_modules/@dicebear/fun-emoji": {
      "version": "9.2.2",
      "resolved": "https://registry.npmjs.org/@dicebear/fun-emoji/-/fun-emoji-9.2.2.tgz",
      "integrity": "sha512-M+rYTpB3lfwz18f+/i+ggNwNWUoEj58SJqXJ1wr7Jh/4E5uL+NmJg9JGwYNaVtGbCFrKAjSaILNUWGQSFgMfog==",
      "engines": {
        "node": ">=18.0.0"
      },
      "peerDependencies": {
        "@dicebear/core": "^9.0.0"
      }
    },
    "node_modules/@dicebear/glass": {
      "version": "9.2.2",
      "resolved": "https://registry.npmjs.org/@dicebear/glass/-/glass-9.2.2.tgz",
      "integrity": "sha512-imCMxcg+XScHYtQq2MUv1lCzhQSCUglMlPSezKEpXhTxgbgUpmGlSGVkOfmX5EEc7SQowKkF1W/1gNk6CXvBaQ==",
      "engines": {
        "node": ">=18.0.0"
      },
      "peerDependencies": {
        "@dicebear/core": "^9.0.0"
      }
    },
    "node_modules/@dicebear/icons": {
      "version": "9.2.2",
      "resolved": "https://registry.npmjs.org/@dicebear/icons/-/icons-9.2.2.tgz",
      "integrity": "sha512-Tqq2OVCdS7J02DNw58xwlgLGl40sWEckbqXT3qRvIF63FfVq+wQZBGuhuiyAURcSgvsc3h2oQeYFi9iXh7HTOA==",
      "engines": {
        "node": ">=18.0.0"
      },
      "peerDependencies": {
        "@dicebear/core": "^9.0.0"
      }
    },
    "node_modules/@dicebear/identicon": {
      "version": "9.2.2",
      "resolved": "https://registry.npmjs.org/@dicebear/identicon/-/identicon-9.2.2.tgz",
      "integrity": "sha512-POVKFulIrcuZf3rdAgxYaSm2XUg/TJg3tg9zq9150reEGPpzWR7ijyJ03dzAADPzS3DExfdYVT9+z3JKwwJnTQ==",
      "engines": {
        "node": ">=18.0.0"
      },
      "peerDependencies": {
        "@dicebear/core": "^9.0.0"
      }
    },
    "node_modules/@dicebear/initials": {
      "version": "9.2.2",
      "resolved": "https://registry.npmjs.org/@dicebear/initials/-/initials-9.2.2.tgz",
      "integrity": "sha512-/xNnsEmsstWjmF77htAOuwOMhFlP6eBVXgcgFlTl/CCH/Oc6H7t0vwX1he8KLQBBzjGpvJcvIAn4Wh9rE4D5/A==",
      "engines": {
        "node": ">=18.0.0"
      },
      "peerDependencies": {
        "@dicebear/core": "^9.0.0"
      }
    },
    "node_modules/@dicebear/lorelei": {
      "version": "9.2.2",
      "resolved": "https://registry.npmjs.org/@dicebear/lorelei/-/lorelei-9.2.2.tgz",
      "integrity": "sha512-koXqVr/vcWUPo00VP5H6Czsit+uF1tmwd2NK7Q/e34/9Sd1f4QLLxHjjBNm/iNjCI1+UNTOvZ2Qqu0N5eo7Flw==",
      "engines": {
        "node": ">=18.0.0"
      },
      "peerDependencies": {
        "@dicebear/core": "^9.0.0"
      }
    },
    "node_modules/@dicebear/lorelei-neutral": {
      "version": "9.2.2",
      "resolved": "https://registry.npmjs.org/@dicebear/lorelei-neutral/-/lorelei-neutral-9.2.2.tgz",
      "integrity": "sha512-Eys9Os6nt2Xll7Mvu66CfRR2YggTopWcmFcRZ9pPdohS96kT0MsLI2iTcfZXQ51K8hvT3IbwoGc86W8n0cDxAQ==",
      "engines": {
        "node": ">=18.0.0"
      },
      "peerDependencies": {
        "@dicebear/core": "^9.0.0"
      }
    },
    "node_modules/@dicebear/micah": {
      "version": "9.2.2",
      "resolved": "https://registry.npmjs.org/@dicebear/micah/-/micah-9.2.2.tgz",
      "integrity": "sha512-NCajcJV5yw8uMKiACp694w1T/UyYme2CUEzyTzWHgWnQ+drAuCcH8gpAoLWd67viNdQB/MTpNlaelUgTjmI4AQ==",
      "engines": {
        "node": ">=18.0.0"
      },
      "peerDependencies": {
        "@dicebear/core": "^9.0.0"
      }
    },
    "node_modules/@dicebear/miniavs": {
      "version": "9.2.2",
      "resolved": "https://registry.npmjs.org/@dicebear/miniavs/-/miniavs-9.2.2.tgz",
      "integrity": "sha512-vvkWXttdw+KHF3j+9qcUFzK+P0nbNnImGjvN48wwkPIh2h08WWFq0MnoOls4IHwUJC4GXBjWtiyVoCxz6hhtOA==",
      "engines": {
        "node": ">=18.0.0"
      },
      "peerDependencies": {
        "@dicebear/core": "^9.0.0"
      }
    },
    "node_modules/@dicebear/notionists": {
      "version": "9.2.2",
      "resolved": "https://registry.npmjs.org/@dicebear/notionists/-/notionists-9.2.2.tgz",
      "integrity": "sha512-Z9orRaHoj7Y9Ap4wEu8XOrFACsG1KbbBQUPV1R50uh6AHwsyNrm4cS84ICoGLvxgLNHHOae3YCjd8aMu2z19zg==",
      "engines": {
        "node": ">=18.0.0"
      },
      "peerDependencies": {
        "@dicebear/core": "^9.0.0"
      }
    },
    "node_modules/@dicebear/notionists-neutral": {
      "version": "9.2.2",
      "resolved": "https://registry.npmjs.org/@dicebear/notionists-neutral/-/notionists-neutral-9.2.2.tgz",
      "integrity": "sha512-AhOzk+lz6kB4uxGun8AJhV+W1nttnMlxmxd+5KbQ/txCIziYIaeD3il44wsAGegEpGFvAZyMYtR/jjfHcem3TA==",
      "engines": {
        "node": ">=18.0.0"
      },
      "peerDependencies": {
        "@dicebear/core": "^9.0.0"
      }
    },
    "node_modules/@dicebear/open-peeps": {
      "version": "9.2.2",
      "resolved": "https://registry.npmjs.org/@dicebear/open-peeps/-/open-peeps-9.2.2.tgz",
      "integrity": "sha512-6PeQDHYyjvKrGSl/gP+RE5dSYAQGKpcGnM65HorgyTIugZK7STo0W4hvEycedupZ3MCCEH8x/XyiChKM2sHXog==",
      "engines": {
        "node": ">=18.0.0"
      },
      "peerDependencies": {
        "@dicebear/core": "^9.0.0"
      }
    },
    "node_modules/@dicebear/personas": {
      "version": "9.2.2",
      "resolved": "https://registry.npmjs.org/@dicebear/personas/-/personas-9.2.2.tgz",
      "integrity": "sha512-705+ObNLC0w1fcgE/Utav+8bqO+Esu53TXegpX5j7trGEoIMf2bThqJGHuhknZ3+T2az3Wr89cGyOGlI0KLzLA==",
      "engines": {
        "node": ">=18.0.0"
      },
      "peerDependencies": {
        "@dicebear/core": "^9.0.0"
      }
    },
    "node_modules/@dicebear/pixel-art": {
      "version": "9.2.2",
      "resolved": "https://registry.npmjs.org/@dicebear/pixel-art/-/pixel-art-9.2.2.tgz",
      "integrity": "sha512-BvbFdrpzQl04+Y9UsWP63YGug+ENGC7GMG88qbEFWxb/IqRavGa4H3D0T4Zl2PSLiw7f2Ctv98bsCQZ1PtCznQ==",
      "engines": {
        "node": ">=18.0.0"
      },
      "peerDependencies": {
        "@dicebear/core": "^9.0.0"
      }
    },
    "node_modules/@dicebear/pixel-art-neutral": {
      "version": "9.2.2",
      "resolved": "https://registry.npmjs.org/@dicebear/pixel-art-neutral/-/pixel-art-neutral-9.2.2.tgz",
      "integrity": "sha512-CdUY77H6Aj7dKLW3hdkv7tu0XQJArUjaWoXihQxlhl3oVYplWaoyu9omYy5pl8HTqs8YgVTGljjMXYoFuK0JUw==",
      "engines": {
        "node": ">=18.0.0"
      },
      "peerDependencies": {
        "@dicebear/core": "^9.0.0"
      }
    },
    "node_modules/@dicebear/rings": {
      "version": "9.2.2",
      "resolved": "https://registry.npmjs.org/@dicebear/rings/-/rings-9.2.2.tgz",
      "integrity": "sha512-eD1J1k364Arny+UlvGrk12HP/XGG6WxPSm4BarFqdJGSV45XOZlwqoi7FlcMr9r9yvE/nGL8OizbwMYusEEdjw==",
      "engines": {
        "node": ">=18.0.0"
      },
      "peerDependencies": {
        "@dicebear/core": "^9.0.0"
      }
    },
    "node_modules/@dicebear/shapes": {
      "version": "9.2.2",
      "resolved": "https://registry.npmjs.org/@dicebear/shapes/-/shapes-9.2.2.tgz",
      "integrity": "sha512-e741NNWBa7fg0BjomxXa0fFPME2XCIR0FA+VHdq9AD2taTGHEPsg5x1QJhCRdK6ww85yeu3V3ucpZXdSrHVw5Q==",
      "engines": {
        "node": ">=18.0.0"
      },
      "peerDependencies": {
        "@dicebear/core": "^9.0.0"
      }
    },
    "node_modules/@dicebear/thumbs": {
      "version": "9.2.2",
      "resolved": "https://registry.npmjs.org/@dicebear/thumbs/-/thumbs-9.2.2.tgz",
      "integrity": "sha512-FkPLDNu7n5kThLSk7lR/0cz/NkUqgGdZGfLZv6fLkGNGtv6W+e2vZaO7HCXVwIgJ+II+kImN41zVIZ6Jlll7pQ==",
      "engines": {
        "node": ">=18.0.0"
      },
      "peerDependencies": {
        "@dicebear/core": "^9.0.0"
      }
    },
    "node_modules/@types/json-schema": {
      "version": "7.0.15",
      "resolved": "https://registry.npmjs.org/@types/json-schema/-/json-schema-7.0.15.tgz",
      "integrity": "sha512-5+fP8P8MFNC+AyZCDxrB2pkZFPGzqQWUzpSeuuVLvm8VMcorNYavBqoFcxK8bQz4Qsbn4oUEEem4wDLfcysGHA=="
    },
    "node_modules/deep-rename-keys": {
      "version": "0.2.1",
      "resolved": "https://registry.npmjs.org/deep-rename-keys/-/deep-rename-keys-0.2.1.tgz",
      "integrity": "sha512-RHd9ABw4Fvk+gYDWqwOftG849x0bYOySl/RgX0tLI9i27ZIeSO91mLZJEp7oPHOMFqHvpgu21YptmDt0FYD/0A==",
      "dependencies": {
        "kind-of": "^3.0.2",
        "rename-keys": "^1.1.2"
      },
      "engines": {
        "node": ">=0.10.0"
      }
    },
    "node_modules/eventemitter3": {
      "version": "2.0.3",
      "resolved": "https://registry.npmjs.org/eventemitter3/-/eventemitter3-2.0.3.tgz",
      "integrity": "sha512-jLN68Dx5kyFHaePoXWPsCGW5qdyZQtLYHkxkg02/Mz6g0kYpDx4FyP6XfArhQdlOC4b8Mv+EMxPo/8La7Tzghg=="
    },
    "node_modules/is-buffer": {
      "version": "1.1.6",
      "resolved": "https://registry.npmjs.org/is-buffer/-/is-buffer-1.1.6.tgz",
      "integrity": "sha512-NcdALwpXkTm5Zvvbk7owOUSvVvBKDgKP5/ewfXEznmQFfs4ZRmanOeKBTjRVjka3QFoN6XJ+9F3USqfHqTaU5w=="
    },
    "node_modules/kind-of": {
      "version": "3.2.2",
      "resolved": "https://registry.npmjs.org/kind-of/-/kind-of-3.2.2.tgz",
      "integrity": "sha512-NOW9QQXMoZGg/oqnVNoNTTIFEIid1627WCffUBJEdMxYApq7mNE7CpzucIPc+ZQg25Phej7IJSmX3hO+oblOtQ==",
      "dependencies": {
        "is-buffer": "^1.1.5"
      },
      "engines": {
        "node": ">=0.10.0"
      }
    },
    "node_modules/pure-color": {
      "version": "1.3.0",
      "resolved": "https://registry.npmjs.org/pure-color/-/pure-color-1.3.0.tgz",
      "integrity": "sha512-QFADYnsVoBMw1srW7OVKEYjG+MbIa49s54w1MA1EDY6r2r/sTcKKYqRX1f4GYvnXP7eN/Pe9HFcX+hwzmrXRHA=="
    },
    "node_modules/react": {
      "version": "19.1.0",
      "resolved": "https://registry.npmjs.org/react/-/react-19.1.0.tgz",
      "integrity": "sha512-FS+XFBNvn3GTAWq26joslQgWNoFu08F4kl0J4CgdNKADkdSGXQyTCnKteIAJy96Br6YbpEU1LSzV5dYtjMkMDg==",
      "peer": true,
      "engines": {
        "node": ">=0.10.0"
      }
    },
    "node_modules/react-icons": {
      "version": "5.5.0",
      "resolved": "https://registry.npmjs.org/react-icons/-/react-icons-5.5.0.tgz",
      "integrity": "sha512-MEFcXdkP3dLo8uumGI5xN3lDFNsRtrjbOEKDLD7yv76v4wpnEq2Lt2qeHaQOr34I/wPN3s3+N08WkQ+CW37Xiw==",
      "peerDependencies": {
        "react": "*"
      }
    },
    "node_modules/rename-keys": {
      "version": "1.2.0",
      "resolved": "https://registry.npmjs.org/rename-keys/-/rename-keys-1.2.0.tgz",
      "integrity": "sha512-U7XpAktpbSgHTRSNRrjKSrjYkZKuhUukfoBlXWXUExCAqhzh1TU3BDRAfJmarcl5voKS+pbKU9MvyLWKZ4UEEg==",
      "engines": {
        "node": ">= 0.8.0"
      }
    },
    "node_modules/svgson": {
      "version": "5.3.1",
      "resolved": "https://registry.npmjs.org/svgson/-/svgson-5.3.1.tgz",
      "integrity": "sha512-qdPgvUNWb40gWktBJnbJRelWcPzkLed/ShhnRsjbayXz8OtdPOzbil9jtiZdrYvSDumAz/VNQr6JaNfPx/gvPA==",
      "dependencies": {
        "deep-rename-keys": "^0.2.1",
        "xml-reader": "2.4.3"
      }
    },
    "node_modules/xml-lexer": {
      "version": "0.2.2",
      "resolved": "https://registry.npmjs.org/xml-lexer/-/xml-lexer-0.2.2.tgz",
      "integrity": "sha512-G0i98epIwiUEiKmMcavmVdhtymW+pCAohMRgybyIME9ygfVu8QheIi+YoQh3ngiThsT0SQzJT4R0sKDEv8Ou0w==",
      "dependencies": {
        "eventemitter3": "^2.0.0"
      }
    },
    "node_modules/xml-reader": {
      "version": "2.4.3",
      "resolved": "https://registry.npmjs.org/xml-reader/-/xml-reader-2.4.3.tgz",
      "integrity": "sha512-xWldrIxjeAMAu6+HSf9t50ot1uL5M+BtOidRCWHXIeewvSeIpscWCsp4Zxjk8kHHhdqFBrfK8U0EJeCcnyQ/gA==",
      "dependencies": {
        "eventemitter3": "^2.0.0",
        "xml-lexer": "^0.2.2"
      }
    }
  }
}
